version = 1
revision = 3
requires-python = ">=3.11"

[[package]]
name = "slack-bolt"
version = "1.30.0"
source = { registry = "https://pypi.org/simple" }
dependencies = [
    { name = "slack-sdk" },
]
sdist = { url = "https://files.pythonhosted.org/packages/e3/4f/5ba15533d66da2e7174334cc0e2805142e5390c9f4c5f31633df78b17006/slack_bolt-1.30.0.tar.gz", hash = "sha256:af38258d41f801ad9c74503090e0f39accd66c49f667f7e55c97fcdb0e51b886", size = 131180, upload-time = "2026-07-15T20:47:33.679Z" }
wheels = [
    { url = "https://files.pythonhosted.org/packages/2f/ee/1a7a286cf98fa3f4eeffaabc090e82f58f058ab4812aa1d7421d92c2637a/slack_bolt-1.30.0-py2.py3-none-any.whl", hash = "sha256:81f5bc46e79516d23d5e2a31dded6304dd1b8b6b72c0083f2f31d5d801e262c4", size = 235341, upload-time = "2026-07-15T20:47:32.113Z" },
]

[[package]]
name = "slack-member-intake"
version = "0.1.0"
source = { virtual = "." }
dependencies = [
    { name = "slack-bolt" },
    { name = "websocket-client" },
]

[package.metadata]
requires-dist = [
    { name = "slack-bolt", specifier = ">=1.20,<2" },
    { name = "websocket-client", specifier = ">=1.8,<2" },
]

[[package]]
name = "slack-sdk"
version = "3.44.1"
source = { registry = "https://pypi.org/simple" }
sdist = { url = "https://files.pythonhosted.org/packages/6e/4e/371068dd7281139307e60cd18553b96b9c8c391a4c3040617192713a3cc4/slack_sdk-3.44.1.tar.gz", hash = "sha256:ca19505423789fa2a3189ff486f989f02e49289f008d0a5813df7255b3fb93ea", size = 256661, upload-time = "2026-09-03T14:21:13.879Z" }
wheels = [
    { url = "https://files.pythonhosted.org/packages/ab/fc/67352b742fc6fa520a550581b0284f5757e4e31a32327c2a00276747fd30/slack_sdk-3.44.1-py2.py3-none-any.whl", hash = "sha256:d6f20a0fbe3fecf9cac955c99d686301b48a645b7045472c3a0cdd186d7c42b2", size = 319865, upload-time = "2026-09-03T14:21:12.405Z" },
]

[[package]]
name = "websocket-client"
version = "1.9.2"
source = { registry = "https://pypi.org/simple" }
sdist = { url = "https://files.pythonhosted.org/packages/d8/cb/a5abcc2891249f393827c650c6296660ce40374ac22d99ab9aea41f9d2a2/websocket_client-1.9.2.tar.gz", hash = "sha256:0fcb57545848be86992e128218fd96dd87a6769ffdb1a968dff79632b85604d0", size = 84110, upload-time = "2026-08-31T14:08:40.964Z" }
wheels = [
    { url = "https://files.pythonhosted.org/packages/d5/d2/cc4dc1271e464942db7ee278baae2daa99ee77cb2af744025c04da585a3e/websocket_client-1.9.2-py3-none-any.whl", hash = "sha256:e1a673830a9c7bfa47b1cd3d5e4178f4c9651d80a4eab02c9c23a1c3ec6250ce", size = 95786, upload-time = "2026-08-31T14:08:39.899Z" },
]
